
Microsoft Visual Studio Solution File, Format Version 12.00
# Visual Studio 2015
Project("{FAE04EC0-301F-11D3-BF4B-00C04F79EFBC}") = "SuperSpartyBros.CSharp", "SuperSpartyBros.CSharp.csproj", "{CE094CFE-347E-C50F-324E-818A16AD4A5D}"
EndProject
Global
	GlobalSection(SolutionConfigurationPlatforms) = preSolution
		Debug|Any CPU = Debug|Any CPU
		Release|Any CPU = Release|Any CPU
	EndGlobalSection
	GlobalSection(ProjectConfigurationPlatforms) = postSolution
		{CE094CFE-347E-C50F-324E-818A16AD4A5D}.Debug|Any CPU.ActiveCfg = Debug|Any CPU
		{CE094CFE-347E-C50F-324E-818A16AD4A5D}.Debug|Any CPU.Build.0 = Debug|Any CPU
		{CE094CFE-347E-C50F-324E-818A16AD4A5D}.Release|Any CPU.ActiveCfg = Release|Any CPU
		{CE094CFE-347E-C50F-324E-818A16AD4A5D}.Release|Any CPU.Build.0 = Release|Any CPU
	EndGlobalSection
	GlobalSection(SolutionProperties) = preSolution
		HideSolutionNode = FALSE
	EndGlobalSection
EndGlobal
